// !$*UTF8*$!
{
	archiveVersion = 1;
	classes = {
	};
	objectVersion = 51;
	objects = {

/* Begin PBXBuildFile section */
		9D70D82323BE3D1700CBF2D8 /* AppDelegate.swift in Sources */ = {isa = PBXBuildFile; fileRef = 9D70D82223BE3D1700CBF2D8 /* AppDelegate.swift */; };
		9D70D82523BE3D1700CBF2D8 /* SceneDelegate.swift in Sources */ = {isa = PBXBuildFile; fileRef = 9D70D82423BE3D1700CBF2D8 /* SceneDelegate.swift */; };
		9D70D82723BE3D1700CBF2D8 /* ViewController.swift in Sources */ = {isa = PBXBuildFile; fileRef = 9D70D82623BE3D1700CBF2D8 /* ViewController.swift */; };
		9D70D82A23BE3D1700CBF2D8 /* Main.storyboard in Resources */ = {isa = PBXBuildFile; fileRef = 9D70D82823BE3D1700CBF2D8 /* Main.storyboard */; };
		9D70D82C23BE3D2F00CBF2D8 /* Assets.xcassets in Resources */ = {isa = PBXBuildFile; fileRef = 9D70D82B23BE3D2F00CBF2D8 /* Assets.xcassets */; };
		9D70D82F23BE3D2F00CBF2D8 /* LaunchScreen.storyboard in Resources */ = {isa = PBXBuildFile; fileRef = 9D70D82D23BE3D2F00CBF2D8 /* LaunchScreen.storyboard */; };
		F65A2F31112D3801ACE74D4A /* Pods_RazorPay.framework in Frameworks */ = {isa = PBXBuildFile; fileRef = 8B7C5C16C3135BC219F814BB /* Pods_RazorPay.framework */; };
/* End PBXBuildFile section */

/* Begin PBXFileReference section */
		2A0165C90971CCA7C9D2D29D /* Pods-RazorPay.debug.xcconfig */ = {isa = PBXFileReference; includeInIndex = 1; lastKnownFileType = text.xcconfig; name = "Pods-RazorPay.debug.xcconfig"; path = "Target Support Files/Pods-RazorPay/Pods-RazorPay.debug.xcconfig"; sourceTree = "<group>"; };
		8B7C5C16C3135BC219F814BB /* Pods_RazorPay.framework */ = {isa = PBXFileReference; explicitFileType = wrapper.framework; includeInIndex = 0; path = Pods_RazorPay.framework; sourceTree = BUILT_PRODUCTS_DIR; };
		9D70D81F23BE3D1700CBF2D8 /* RazorPay.app */ = {isa = PBXFileReference; explicitFileType = wrapper.application; includeInIndex = 0; path = RazorPay.app; sourceTree = BUILT_PRODUCTS_DIR; };
		9D70D82223BE3D1700CBF2D8 /* AppDelegate.swift */ = {isa = PBXFileReference; lastKnownFileType = sourcecode.swift; path = AppDelegate.swift; sourceTree = "<group>"; };
		9D70D82423BE3D1700CBF2D8 /* SceneDelegate.swift */ = {isa = PBXFileReference; lastKnownFileType = sourcecode.swift; path = SceneDelegate.swift; sourceTree = "<group>"; };
		9D70D82623BE3D1700CBF2D8 /* ViewController.swift */ = {isa = PBXFileReference; lastKnownFileType = sourcecode.swift; path = ViewController.swift; sourceTree = "<group>"; };
		9D70D82923BE3D1700CBF2D8 /* Base */ = {isa = PBXFileReference; lastKnownFileType = file.storyboard; name = Base; path = Base.lproj/Main.storyboard; sourceTree = "<group>"; };
		9D70D82B23BE3D2F00CBF2D8 /* Assets.xcassets */ = {isa = PBXFileReference; lastKnownFileType = folder.assetcatalog; path = Assets.xcassets; sourceTree = "<group>"; };
		9D70D82E23BE3D2F00CBF2D8 /* Base */ = {isa = PBXFileReference; lastKnownFileType = file.storyboard; name = Base; path = Base.lproj/LaunchScreen.storyboard; sourceTree = "<group>"; };
		9D70D83023BE3D2F00CBF2D8 /* Info.plist */ = {isa = PBXFileReference; lastKnownFileType = text.plist.xml; path = Info.plist; sourceTree = "<group>"; };
		FB5F7AECB4C2856C15B656EB /* Pods-RazorPay.release.xcconfig */ = {isa = PBXFileReference; includeInIndex = 1; lastKnownFileType = text.xcconfig; name = "Pods-RazorPay.release.xcconfig"; path = "Target Support Files/Pods-RazorPay/Pods-RazorPay.release.xcconfig"; sourceTree = "<group>"; };
/* End PBXFileReference section */

/* Begin PBXFrameworksBuildPhase section */
		9D70D81C23BE3D1700CBF2D8 /* Frameworks */ = {
			isa = PBXFrameworksBuildPhase;
			buildActionMask = 2147483647;
			files = (
				F65A2F31112D3801ACE74D4A /* Pods_RazorPay.framework in Frameworks */,
			);
			runOnlyForDeploymentPostprocessing = 0;
		};
/* End PBXFrameworksBuildPhase section */

/* Begin PBXGroup section */
		4F8332954159E84A597A59E2 /* Frameworks */ = {
			isa = PBXGroup;
			children = (
				8B7C5C16C3135BC219F814BB /* Pods_RazorPay.framework */,
			);
			name = Frameworks;
			sourceTree = "<group>";
		};
		9D70D81623BE3D1700CBF2D8 = {
			isa = PBXGroup;
			children = (
				9D70D82123BE3D1700CBF2D8 /* RazorPay */,
				9D70D82023BE3D1700CBF2D8 /* Products */,
				E815A72BB3E15EDB42ADAD20 /* Pods */,
				4F8332954159E84A597A59E2 /* Frameworks */,
			);
			sourceTree = "<group>";
		};
		9D70D82023BE3D1700CBF2D8 /* Products */ = {
			isa = PBXGroup;
			children = (
				9D70D81F23BE3D1700CBF2D8 /* RazorPay.app */,
			);
			name = Products;
			sourceTree = "<group>";
		};
		9D70D82123BE3D1700CBF2D8 /* RazorPay */ = {
			isa = PBXGroup;
			children = (
				9D70D82223BE3D1700CBF2D8 /* AppDelegate.swift */,
				9D70D82423BE3D1700CBF2D8 /* SceneDelegate.swift */,
				9D70D82623BE3D1700CBF2D8 /* ViewController.swift */,
				9D70D82823BE3D1700CBF2D8 /* Main.storyboard */,
				9D70D82B23BE3D2F00CBF2D8 /* Assets.xcassets */,
				9D70D82D23BE3D2F00CBF2D8 /* LaunchScreen.storyboard */,
				9D70D83023BE3D2F00CBF2D8 /* Info.plist */,
			);
			path = RazorPay;
			sourceTree = "<group>";
		};
		E815A72BB3E15EDB42ADAD20 /* Pods */ = {
			isa = PBXGroup;
			children = (
				2A0165C90971CCA7C9D2D29D /* Pods-RazorPay.debug.xcconfig */,
				FB5F7AECB4C2856C15B656EB /* Pods-RazorPay.release.xcconfig */,
			);
			path = Pods;
			sourceTree = "<group>";
		};
/* End PBXGroup section */

/* Begin PBXNativeTarget section */
		9D70D81E23BE3D1700CBF2D8 /* RazorPay */ = {
			isa = PBXNativeTarget;
			buildConfigurationList = 9D70D83323BE3D2F00CBF2D8 /* Build configuration list for PBXNativeTarget "RazorPay" */;
			buildPhases = (
				7B477E2042B38822D4E4D3AD /* [CP] Check Pods Manifest.lock */,
				9D70D81B23BE3D1700CBF2D8 /* Sources */,
				9D70D81C23BE3D1700CBF2D8 /* Frameworks */,
				9D70D81D23BE3D1700CBF2D8 /* Resources */,
				B29FA32A0A82D61EBAE69956 /* [CP] Embed Pods Frameworks */,
			);
			buildRules = (
			);
			dependencies = (
			);
			name = RazorPay;
			productName = RazorPay;
			productReference = 9D70D81F23BE3D1700CBF2D8 /* RazorPay.app */;
			productType = "com.apple.product-type.application";
		};
/* End PBXNativeTarget section */

/* Begin PBXProject section */
		9D70D81723BE3D1700CBF2D8 /* Project object */ = {
			isa = PBXProject;
			attributes = {
				LastSwiftUpdateCheck = 1130;
				LastUpgradeCheck = 1130;
				ORGANIZATIONNAME = "Suyog Computech";
				TargetAttributes = {
					9D70D81E23BE3D1700CBF2D8 = {
						CreatedOnToolsVersion = 11.3;
					};
				};
			};
			buildConfigurationList = 9D70D81A23BE3D1700CBF2D8 /* Build configuration list for PBXProject "RazorPay" */;
			compatibilityVersion = "Xcode 9.3";
			developmentRegion = en;
			hasScannedForEncodings = 0;
			knownRegions = (
				en,
				Base,
			);
			mainGroup = 9D70D81623BE3D1700CBF2D8;
			productRefGroup = 9D70D82023BE3D1700CBF2D8 /* Products */;
			projectDirPath = "";
			projectRoot = "";
			targets = (
				9D70D81E23BE3D1700CBF2D8 /* RazorPay */,
			);
		};
/* End PBXProject section */

/* Begin PBXResourcesBuildPhase section */
		9D70D81D23BE3D1700CBF2D8 /* Resources */ = {
			isa = PBXResourcesBuildPhase;
			buildActionMask = 2147483647;
			files = (
				9D70D82F23BE3D2F00CBF2D8 /* LaunchScreen.storyboard in Resources */,
				9D70D82C23BE3D2F00CBF2D8 /* Assets.xcassets in Resources */,
				9D70D82A23BE3D1700CBF2D8 /* Main.storyboard in Resources */,
			);
			runOnlyForDeploymentPostprocessing = 0;
		};
/* End PBXResourcesBuildPhase section */

/* Begin PBXShellScriptBuildPhase section */
		7B477E2042B38822D4E4D3AD /* [CP] Check Pods Manifest.lock */ = {
			isa = PBXShellScriptBuildPhase;
			buildActionMask = 2147483647;
			files = (
			);
			inputFileListPaths = (
			);
			inputPaths = (
				"${PODS_PODFILE_DIR_PATH}/Podfile.lock",
				"${PODS_ROOT}/Manifest.lock",
			);
			name = "[CP] Check Pods Manifest.lock";
			outputFileListPaths = (
			);
			outputPaths = (
				"$(DERIVED_FILE_DIR)/Pods-RazorPay-checkManifestLockResult.txt",
			);
			runOnlyForDeploymentPostprocessing = 0;
			shellPath = /bin/sh;
			shellScript = "diff \"${PODS_PODFILE_DIR_PATH}/Podfile.lock\" \"${PODS_ROOT}/Manifest.lock\" > /dev/null\nif [ $? != 0 ] ; then\n    # print error to STDERR\n    echo \"error: The sandbox is not in sync with the Podfile.lock. Run 'pod install' or update your CocoaPods installation.\" >&2\n    exit 1\nfi\n# This output is used by Xcode 'outputs' to avoid re-running this script phase.\necho \"SUCCESS\" > \"${SCRIPT_OUTPUT_FILE_0}\"\n";
			showEnvVarsInLog = 0;
		};
		B29FA32A0A82D61EBAE69956 /* [CP] Embed Pods Frameworks */ = {
			isa = PBXShellScriptBuildPhase;
			buildActionMask = 2147483647;
			files = (
			);
			inputFileListPaths = (
				"${PODS_ROOT}/Target Support Files/Pods-RazorPay/Pods-RazorPay-frameworks-${CONFIGURATION}-input-files.xcfilelist",
			);
			name = "[CP] Embed Pods Frameworks";
			outputFileListPaths = (
				"${PODS_ROOT}/Target Support Files/Pods-RazorPay/Pods-RazorPay-frameworks-${CONFIGURATION}-output-files.xcfilelist",
			);
			runOnlyForDeploymentPostprocessing = 0;
			shellPath = /bin/sh;
			shellScript = "\"${PODS_ROOT}/Target Support Files/Pods-RazorPay/Pods-RazorPay-frameworks.sh\"\n";
			showEnvVarsInLog = 0;
		};
/* End PBXShellScriptBuildPhase section */

/* Begin PBXSourcesBuildPhase section */
		9D70D81B23BE3D1700CBF2D8 /* Sources */ = {
			isa = PBXSourcesBuildPhase;
			buildActionMask = 2147483647;
			files = (
				9D70D82723BE3D1700CBF2D8 /* ViewController.swift in Sources */,
				9D70D82323BE3D1700CBF2D8 /* AppDelegate.swift in Sources */,
				9D70D82523BE3D1700CBF2D8 /* SceneDelegate.swift in Sources */,
			);
			runOnlyForDeploymentPostprocessing = 0;
		};
/* End PBXSourcesBuildPhase section */

/* Begin PBXVariantGroup section */
		9D70D82823BE3D1700CBF2D8 /* Main.storyboard */ = {
			isa = PBXVariantGroup;
			children = (
				9D70D82923BE3D1700CBF2D8 /* Base */,
			);
			name = Main.storyboard;
			sourceTree = "<group>";
		};
		9D70D82D23BE3D2F00CBF2D8 /* LaunchScreen.storyboard */ = {
			isa = PBXVariantGroup;
			children = (
				9D70D82E23BE3D2F00CBF2D8 /* Base */,
			);
			name = LaunchScreen.storyboard;
			sourceTree = "<group>";
		};
/* End PBXVariantGroup section */

/* Begin XCBuildConfiguration section */
		9D70D83123BE3D2F00CBF2D8 /* Debug */ = {
			isa = XCBuildConfiguration;
			buildSettings = {
				ALWAYS_SEARCH_USER_PATHS = NO;
				CLANG_ANALYZER_NONNULL = YES;
				CLANG_ANALYZER_NUMBER_OBJECT_CONVERSION = YES_AGGRESSIVE;
				CLANG_CXX_LANGUAGE_STANDARD = "gnu++14";
				CLANG_CXX_LIBRARY = "libc++";
				CLANG_ENABLE_MODULES = YES;
				CLANG_ENABLE_OBJC_ARC = YES;
				CLANG_ENABLE_OBJC_WEAK = YES;
				CLANG_WARN_BLOCK_CAPTURE_AUTORELEASING = YES;
				CLANG_WARN_BOOL_CONVERSION = YES;
				CLANG_WARN_COMMA = YES;
				CLANG_WARN_CONSTANT_CONVERSION = YES;
				CLANG_WARN_DEPRECATED_OBJC_IMPLEMENTATIONS = YES;
				CLANG_WARN_DIRECT_OBJC_ISA_USAGE = YES_ERROR;
				CLANG_WARN_DOCUMENTATION_COMMENTS = YES;
				CLANG_WARN_EMPTY_BODY = YES;
				CLANG_WARN_ENUM_CONVERSION = YES;
				CLANG_WARN_INFINITE_RECURSION = YES;
				CLANG_WARN_INT_CONVERSION = YES;
				CLANG_WARN_NON_LITERAL_NULL_CONVERSION = YES;
				CLANG_WARN_OBJC_IMPLICIT_RETAIN_SELF = YES;
				CLANG_WARN_OBJC_LITERAL_CONVERSION = YES;
				CLANG_WARN_OBJC_ROOT_CLASS = YES_ERROR;
				CLANG_WARN_RANGE_LOOP_ANALYSIS = YES;
				CLANG_WARN_STRICT_PROTOTYPES = YES;
				CLANG_WARN_SUSPICIOUS_MOVE = YES;
				CLANG_WARN_UNGUARDED_AVAILABILITY = YES_AGGRESSIVE;
				CLANG_WARN_UNREACHABLE_CODE = YES;
				CLANG_WARN__DUPLICATE_METHOD_MATCH = YES;
				COPY_PHASE_STRIP = NO;
				DEBUG_INFORMATION_FORMAT = dwarf;
				ENABLE_STRICT_OBJC_MSGSEND = YES;
				ENABLE_TESTABILITY = YES;
				GCC_C_LANGUAGE_STANDARD = gnu11;
				GCC_DYNAMIC_NO_PIC = NO;
				GCC_NO_COMMON_BLOCKS = YES;
				GCC_OPTIMIZATION_LEVEL = 0;
				GCC_PREPROCESSOR_DEFINITIONS = (
					"DEBUG=1",
					"$(inherited)",
				);
				GCC_WARN_64_TO_32_BIT_CONVERSION = YES;
				GCC_WARN_ABOUT_RETURN_TYPE = YES_ERROR;
				GCC_WARN_UNDECLARED_SELECTOR = YES;
				GCC_WARN_UNINITIALIZED_AUTOS = YES_AGGRESSIVE;
				GCC_WARN_UNUSED_FUNCTION = YES;
				GCC_WARN_UNUSED_VARIABLE = YES;
				IPHONEOS_DEPLOYMENT_TARGET = 13.2;
				MTL_ENABLE_DEBUG_INFO = INCLUDE_SOURCE;
				MTL_FAST_MATH = YES;
				ONLY_ACTIVE_ARCH = YES;
				SDKROOT = iphoneos;
				SWIFT_ACTIVE_COMPILATION_CONDITIONS = DEBUG;
				SWIFT_OPTIMIZATION_LEVEL = "-Onone";
			};
			name = Debug;
		};
		9D70D83223BE3D2F00CBF2D8 /* Release */ = {
			isa = XCBuildConfiguration;
			buildSettings = {
				ALWAYS_SEARCH_USER_PATHS = NO;
				CLANG_ANALYZER_NONNULL = YES;
				CLANG_ANALYZER_NUMBER_OBJECT_CONVERSION = YES_AGGRESSIVE;
				CLANG_CXX_LANGUAGE_STANDARD = "gnu++14";
				CLANG_CXX_LIBRARY = "libc++";
				CLANG_ENABLE_MODULES = YES;
				CLANG_ENABLE_OBJC_ARC = YES;
				CLANG_ENABLE_OBJC_WEAK = YES;
				CLANG_WARN_BLOCK_CAPTURE_AUTORELEASING = YES;
				CLANG_WARN_BOOL_CONVERSION = YES;
				CLANG_WARN_COMMA = YES;
				CLANG_WARN_CONSTANT_CONVERSION = YES;
				CLANG_WARN_DEPRECATED_OBJC_IMPLEMENTATIONS = YES;
				CLANG_WARN_DIRECT_OBJC_ISA_USAGE = YES_ERROR;
				CLANG_WARN_DOCUMENTATION_COMMENTS = YES;
				CLANG_WARN_EMPTY_BODY = YES;
				CLANG_WARN_ENUM_CONVERSION = YES;
				CLANG_WARN_INFINITE_RECURSION = YES;
				CLANG_WARN_INT_CONVERSION = YES;
				CLANG_WARN_NON_LITERAL_NULL_CONVERSION = YES;
				CLANG_WARN_OBJC_IMPLICIT_RETAIN_SELF = YES;
				CLANG_WARN_OBJC_LITERAL_CONVERSION = YES;
				CLANG_WARN_OBJC_ROOT_CLASS = YES_ERROR;
				CLANG_WARN_RANGE_LOOP_ANALYSIS = YES;
				CLANG_WARN_STRICT_PROTOTYPES = YES;
				CLANG_WARN_SUSPICIOUS_MOVE = YES;
				CLANG_WARN_UNGUARDED_AVAILABILITY = YES_AGGRESSIVE;
				CLANG_WARN_UNREACHABLE_CODE = YES;
				CLANG_WARN__DUPLICATE_METHOD_MATCH = YES;
				COPY_PHASE_STRIP = NO;
				DEBUG_INFORMATION_FORMAT = "dwarf-with-dsym";
				ENABLE_NS_ASSERTIONS = NO;
				ENABLE_STRICT_OBJC_MSGSEND = YES;
				GCC_C_LANGUAGE_STANDARD = gnu11;
				GCC_NO_COMMON_BLOCKS = YES;
				GCC_WARN_64_TO_32_BIT_CONVERSION = YES;
				GCC_WARN_ABOUT_RETURN_TYPE = YES_ERROR;
				GCC_WARN_UNDECLARED_SELECTOR = YES;
				GCC_WARN_UNINITIALIZED_AUTOS = YES_AGGRESSIVE;
				GCC_WARN_UNUSED_FUNCTION = YES;
				GCC_WARN_UNUSED_VARIABLE = YES;
				IPHONEOS_DEPLOYMENT_TARGET = 13.2;
				MTL_ENABLE_DEBUG_INFO = NO;
				MTL_FAST_MATH = YES;
				SDKROOT = iphoneos;
				SWIFT_COMPILATION_MODE = wholemodule;
				SWIFT_OPTIMIZATION_LEVEL = "-O";
				VALIDATE_PRODUCT = YES;
			};
			name = Release;
		};
		9D70D83423BE3D2F00CBF2D8 /* Debug */ = {
			isa = XCBuildConfiguration;
			baseConfigurationReference = 2A0165C90971CCA7C9D2D29D /* Pods-RazorPay.debug.xcconfig */;
			buildSettings = {
				ASSETCATALOG_COMPILER_APPICON_NAME = AppIcon;
				CODE_SIGN_IDENTITY = "Apple Development";
				CODE_SIGN_STYLE = Automatic;
				DEVELOPMENT_TEAM = TFJ58H43X2;
				INFOPLIST_FILE = RazorPay/Info.plist;
				LD_RUNPATH_SEARCH_PATHS = (
					"$(inherited)",
					"@executable_path/Frameworks",
				);
				PRODUCT_BUNDLE_IDENTIFIER = com.surajkumarmandal.Razorpay;
				PRODUCT_NAME = "$(TARGET_NAME)";
				PROVISIONING_PROFILE_SPECIFIER = "";
				SWIFT_VERSION = 5.0;
				TARGETED_DEVICE_FAMILY = "1,2";
			};
			name = Debug;
		};
		9D70D83523BE3D2F00CBF2D8 /* Release */ = {
			isa = XCBuildConfiguration;
			baseConfigurationReference = FB5F7AECB4C2856C15B656EB /* Pods-RazorPay.release.xcconfig */;
			buildSettings = {
				ASSETCATALOG_COMPILER_APPICON_NAME = AppIcon;
				CODE_SIGN_IDENTITY = "Apple Development";
				CODE_SIGN_STYLE = Automatic;
				DEVELOPMENT_TEAM = TFJ58H43X2;
				INFOPLIST_FILE = RazorPay/Info.plist;
				LD_RUNPATH_SEARCH_PATHS = (
					"$(inherited)",
					"@executable_path/Frameworks",
				);
				PRODUCT_BUNDLE_IDENTIFIER = com.surajkumarmandal.Razorpay;
				PRODUCT_NAME = "$(TARGET_NAME)";
				PROVISIONING_PROFILE_SPECIFIER = "";
				SWIFT_VERSION = 5.0;
				TARGETED_DEVICE_FAMILY = "1,2";
			};
			name = Release;
		};
/* End XCBuildConfiguration section */

/* Begin XCConfigurationList section */
		9D70D81A23BE3D1700CBF2D8 /* Build configuration list for PBXProject "RazorPay" */ = {
			isa = XCConfigurationList;
			buildConfigurations = (
				9D70D83123BE3D2F00CBF2D8 /* Debug */,
				9D70D83223BE3D2F00CBF2D8 /* Release */,
			);
			defaultConfigurationIsVisible = 0;
			defaultConfigurationName = Release;
		};
		9D70D83323BE3D2F00CBF2D8 /* Build configuration list for PBXNativeTarget "RazorPay" */ = {
			isa = XCConfigurationList;
			buildConfigurations = (
				9D70D83423BE3D2F00CBF2D8 /* Debug */,
				9D70D83523BE3D2F00CBF2D8 /* Release */,
			);
			defaultConfigurationIsVisible = 0;
			defaultConfigurationName = Release;
		};
/* End XCConfigurationList section */
	};
	rootObject = 9D70D81723BE3D1700CBF2D8 /* Project object */;
}
